
Microsoft Visual Studio Solution File, Format Version 12.00
# Visual Studio 15
VisualStudioVersion = 15.0.28010.2036
MinimumVisualStudioVersion = 10.0.40219.1
Project("{FAE04EC0-301F-11D3-BF4B-00C04F79EFBC}") = "SyningSeidrWebStore", "SyningSeidrWebStore\SyningSeidrWebStore.csproj", "{DD7FE7CB-1A6B-4A90-BAF9-3F74C3023603}"
EndProject
Global
	GlobalSection(SolutionConfigurationPlatforms) = preSolution
		Debug|Any CPU = Debug|Any CPU
		Release|Any CPU = Release|Any CPU
	EndGlobalSection
	GlobalSection(ProjectConfigurationPlatforms) = postSolution
		{DD7FE7CB-1A6B-4A90-BAF9-3F74C3023603}.Debug|Any CPU.ActiveCfg = Debug|Any CPU
		{DD7FE7CB-1A6B-4A90-BAF9-3F74C3023603}.Debug|Any CPU.Build.0 = Debug|Any CPU
		{DD7FE7CB-1A6B-4A90-BAF9-3F74C3023603}.Release|Any CPU.ActiveCfg = Release|Any CPU
		{DD7FE7CB-1A6B-4A90-BAF9-3F74C3023603}.Release|Any CPU.Build.0 = Release|Any CPU
	EndGlobalSection
	GlobalSection(SolutionProperties) = preSolution
		HideSolutionNode = FALSE
	EndGlobalSection
	GlobalSection(ExtensibilityGlobals) = postSolution
		SolutionGuid = {25CFA5EB-CDE1-48D9-87AE-6AC9F7AC3F0E}
	EndGlobalSection
EndGlobal
